
Microsoft Visual Studio Solution File, Format Version 12.00
# Visual Studio Version 17
VisualStudioVersion = 17.7.34031.279
MinimumVisualStudioVersion = 10.0.40219.1
Project("{8BC9CEB8-8B4A-11D0-8D11-00A0C91BC942}") = "laboration_3.5", "laboration_3.5.vcxproj", "{AE9561BD-802B-4F4B-B58A-7FC748043F0F}"
EndProject
Project("{8BC9CEB8-8B4A-11D0-8D11-00A0C91BC942}") = "UnitTest_3.5", "..\UnitTest_3.5\UnitTest_3.5.vcxproj", "{175CAD53-3AB9-4F2E-8EB0-1ED68E51B2C8}"
EndProject
Global
	GlobalSection(SolutionConfigurationPlatforms) = preSolution
		Debug|x64 = Debug|x64
		Debug|x86 = Debug|x86
		Release|x64 = Release|x64
		Release|x86 = Release|x86
	EndGlobalSection
	GlobalSection(ProjectConfigurationPlatforms) = postSolution
		{AE9561BD-802B-4F4B-B58A-7FC748043F0F}.Debug|x64.ActiveCfg = Debug|x64
		{AE9561BD-802B-4F4B-B58A-7FC748043F0F}.Debug|x64.Build.0 = Debug|x64
		{AE9561BD-802B-4F4B-B58A-7FC748043F0F}.Debug|x86.ActiveCfg = Debug|Win32
		{AE9561BD-802B-4F4B-B58A-7FC748043F0F}.Debug|x86.Build.0 = Debug|Win32
		{AE9561BD-802B-4F4B-B58A-7FC748043F0F}.Release|x64.ActiveCfg = Release|x64
		{AE9561BD-802B-4F4B-B58A-7FC748043F0F}.Release|x64.Build.0 = Release|x64
		{AE9561BD-802B-4F4B-B58A-7FC748043F0F}.Release|x86.ActiveCfg = Release|Win32
		{AE9561BD-802B-4F4B-B58A-7FC748043F0F}.Release|x86.Build.0 = Release|Win32
		{175CAD53-3AB9-4F2E-8EB0-1ED68E51B2C8}.Debug|x64.ActiveCfg = Debug|x64
		{175CAD53-3AB9-4F2E-8EB0-1ED68E51B2C8}.Debug|x64.Build.0 = Debug|x64
		{175CAD53-3AB9-4F2E-8EB0-1ED68E51B2C8}.Debug|x86.ActiveCfg = Debug|Win32
		{175CAD53-3AB9-4F2E-8EB0-1ED68E51B2C8}.Debug|x86.Build.0 = Debug|Win32
		{175CAD53-3AB9-4F2E-8EB0-1ED68E51B2C8}.Release|x64.ActiveCfg = Release|x64
		{175CAD53-3AB9-4F2E-8EB0-1ED68E51B2C8}.Release|x64.Build.0 = Release|x64
		{175CAD53-3AB9-4F2E-8EB0-1ED68E51B2C8}.Release|x86.ActiveCfg = Release|Win32
		{175CAD53-3AB9-4F2E-8EB0-1ED68E51B2C8}.Release|x86.Build.0 = Release|Win32
	EndGlobalSection
	GlobalSection(SolutionProperties) = preSolution
		HideSolutionNode = FALSE
	EndGlobalSection
	GlobalSection(ExtensibilityGlobals) = postSolution
		SolutionGuid = {AE5E4B78-98CC-4ECD-B96A-D36A51D743DE}
	EndGlobalSection
EndGlobal
